// !$*UTF8*$!
{
	archiveVersion = 1;
	classes = {
	};
	objectVersion = 50;
	objects = {

/* Begin PBXBuildFile section */
		CDE111D823F1B842004BD777 /* AppDelegate.swift in Sources */ = {isa = PBXBuildFile; fileRef = CDE111D723F1B842004BD777 /* AppDelegate.swift */; };
		CDE111DA23F1B842004BD777 /* SceneDelegate.swift in Sources */ = {isa = PBXBuildFile; fileRef = CDE111D923F1B842004BD777 /* SceneDelegate.swift */; };
		CDE111DC23F1B842004BD777 /* ComicViewController.swift in Sources */ = {isa = PBXBuildFile; fileRef = CDE111DB23F1B842004BD777 /* ComicViewController.swift */; };
		CDE111DF23F1B842004BD777 /* Main.storyboard in Resources */ = {isa = PBXBuildFile; fileRef = CDE111DD23F1B842004BD777 /* Main.storyboard */; };
		CDE111E123F1B845004BD777 /* Assets.xcassets in Resources */ = {isa = PBXBuildFile; fileRef = CDE111E023F1B845004BD777 /* Assets.xcassets */; };
		CDE111E423F1B845004BD777 /* LaunchScreen.storyboard in Resources */ = {isa = PBXBuildFile; fileRef = CDE111E223F1B845004BD777 /* LaunchScreen.storyboard */; };
		CDE111EC23F1BA19004BD777 /* xkcdComic.swift in Sources */ = {isa = PBXBuildFile; fileRef = CDE111EB23F1BA19004BD777 /* xkcdComic.swift */; };
/* End PBXBuildFile section */

/* Begin PBXFileReference section */
		CDE111D423F1B842004BD777 /* GrandCentralDispatchPractice.app */ = {isa = PBXFileReference; explicitFileType = wrapper.application; includeInIndex = 0; path = GrandCentralDispatchPractice.app; sourceTree = BUILT_PRODUCTS_DIR; };
		CDE111D723F1B842004BD777 /* AppDelegate.swift */ = {isa = PBXFileReference; lastKnownFileType = sourcecode.swift; path = AppDelegate.swift; sourceTree = "<group>"; };
		CDE111D923F1B842004BD777 /* SceneDelegate.swift */ = {isa = PBXFileReference; lastKnownFileType = sourcecode.swift; path = SceneDelegate.swift; sourceTree = "<group>"; };
		CDE111DB23F1B842004BD777 /* ComicViewController.swift */ = {isa = PBXFileReference; lastKnownFileType = sourcecode.swift; path = ComicViewController.swift; sourceTree = "<group>"; };
		CDE111DE23F1B842004BD777 /* Base */ = {isa = PBXFileReference; lastKnownFileType = file.storyboard; name = Base; path = Base.lproj/Main.storyboard; sourceTree = "<group>"; };
		CDE111E023F1B845004BD777 /* Assets.xcassets */ = {isa = PBXFileReference; lastKnownFileType = folder.assetcatalog; path = Assets.xcassets; sourceTree = "<group>"; };
		CDE111E323F1B845004BD777 /* Base */ = {isa = PBXFileReference; lastKnownFileType = file.storyboard; name = Base; path = Base.lproj/LaunchScreen.storyboard; sourceTree = "<group>"; };
		CDE111E523F1B845004BD777 /* Info.plist */ = {isa = PBXFileReference; lastKnownFileType = text.plist.xml; path = Info.plist; sourceTree = "<group>"; };
		CDE111EB23F1BA19004BD777 /* xkcdComic.swift */ = {isa = PBXFileReference; lastKnownFileType = sourcecode.swift; path = xkcdComic.swift; sourceTree = "<group>"; };
/* End PBXFileReference section */

/* Begin PBXFrameworksBuildPhase section */
		CDE111D123F1B841004BD777 /* Frameworks */ = {
			isa = PBXFrameworksBuildPhase;
			buildActionMask = 2147483647;
			files = (
			);
			runOnlyForDeploymentPostprocessing = 0;
		};
/* End PBXFrameworksBuildPhase section */

/* Begin PBXGroup section */
		CDE111CB23F1B841004BD777 = {
			isa = PBXGroup;
			children = (
				CDE111D623F1B842004BD777 /* GrandCentralDispatchPractice */,
				CDE111D523F1B842004BD777 /* Products */,
			);
			sourceTree = "<group>";
		};
		CDE111D523F1B842004BD777 /* Products */ = {
			isa = PBXGroup;
			children = (
				CDE111D423F1B842004BD777 /* GrandCentralDispatchPractice.app */,
			);
			name = Products;
			sourceTree = "<group>";
		};
		CDE111D623F1B842004BD777 /* GrandCentralDispatchPractice */ = {
			isa = PBXGroup;
			children = (
				CDE111EB23F1BA19004BD777 /* xkcdComic.swift */,
				CDE111D723F1B842004BD777 /* AppDelegate.swift */,
				CDE111D923F1B842004BD777 /* SceneDelegate.swift */,
				CDE111DB23F1B842004BD777 /* ComicViewController.swift */,
				CDE111DD23F1B842004BD777 /* Main.storyboard */,
				CDE111E023F1B845004BD777 /* Assets.xcassets */,
				CDE111E223F1B845004BD777 /* LaunchScreen.storyboard */,
				CDE111E523F1B845004BD777 /* Info.plist */,
			);
			path = GrandCentralDispatchPractice;
			sourceTree = "<group>";
		};
/* End PBXGroup section */

/* Begin PBXNativeTarget section */
		CDE111D323F1B841004BD777 /* GrandCentralDispatchPractice */ = {
			isa = PBXNativeTarget;
			buildConfigurationList = CDE111E823F1B845004BD777 /* Build configuration list for PBXNativeTarget "GrandCentralDispatchPractice" */;
			buildPhases = (
				CDE111D023F1B841004BD777 /* Sources */,
				CDE111D123F1B841004BD777 /* Frameworks */,
				CDE111D223F1B841004BD777 /* Resources */,
			);
			buildRules = (
			);
			dependencies = (
			);
			name = GrandCentralDispatchPractice;
			productName = GrandCentralDispatchPractice;
			productReference = CDE111D423F1B842004BD777 /* GrandCentralDispatchPractice.app */;
			productType = "com.apple.product-type.application";
		};
/* End PBXNativeTarget section */

/* Begin PBXProject section */
		CDE111CC23F1B841004BD777 /* Project object */ = {
			isa = PBXProject;
			attributes = {
				LastSwiftUpdateCheck = 1130;
				LastUpgradeCheck = 1130;
				ORGANIZATIONNAME = "Benjamin Stone";
				TargetAttributes = {
					CDE111D323F1B841004BD777 = {
						CreatedOnToolsVersion = 11.3.1;
					};
				};
			};
			buildConfigurationList = CDE111CF23F1B841004BD777 /* Build configuration list for PBXProject "GrandCentralDispatchPractice" */;
			compatibilityVersion = "Xcode 9.3";
			developmentRegion = en;
			hasScannedForEncodings = 0;
			knownRegions = (
				en,
				Base,
			);
			mainGroup = CDE111CB23F1B841004BD777;
			productRefGroup = CDE111D523F1B842004BD777 /* Products */;
			projectDirPath = "";
			projectRoot = "";
			targets = (
				CDE111D323F1B841004BD777 /* GrandCentralDispatchPractice */,
			);
		};
/* End PBXProject section */

/* Begin PBXResourcesBuildPhase section */
		CDE111D223F1B841004BD777 /* Resources */ = {
			isa = PBXResourcesBuildPhase;
			buildActionMask = 2147483647;
			files = (
				CDE111E423F1B845004BD777 /* LaunchScreen.storyboard in Resources */,
				CDE111E123F1B845004BD777 /* Assets.xcassets in Resources */,
				CDE111DF23F1B842004BD777 /* Main.storyboard in Resources */,
			);
			runOnlyForDeploymentPostprocessing = 0;
		};
/* End PBXResourcesBuildPhase section */

/* Begin PBXSourcesBuildPhase section */
		CDE111D023F1B841004BD777 /* Sources */ = {
			isa = PBXSourcesBuildPhase;
			buildActionMask = 2147483647;
			files = (
				CDE111DC23F1B842004BD777 /* ComicViewController.swift in Sources */,
				CDE111D823F1B842004BD777 /* AppDelegate.swift in Sources */,
				CDE111DA23F1B842004BD777 /* SceneDelegate.swift in Sources */,
				CDE111EC23F1BA19004BD777 /* xkcdComic.swift in Sources */,
			);
			runOnlyForDeploymentPostprocessing = 0;
		};
/* End PBXSourcesBuildPhase section */

/* Begin PBXVariantGroup section */
		CDE111DD23F1B842004BD777 /* Main.storyboard */ = {
			isa = PBXVariantGroup;
			children = (
				CDE111DE23F1B842004BD777 /* Base */,
			);
			name = Main.storyboard;
			sourceTree = "<group>";
		};
		CDE111E223F1B845004BD777 /* LaunchScreen.storyboard */ = {
			isa = PBXVariantGroup;
			children = (
				CDE111E323F1B845004BD777 /* Base */,
			);
			name = LaunchScreen.storyboard;
			sourceTree = "<group>";
		};
/* End PBXVariantGroup section */

/* Begin XCBuildConfiguration section */
		CDE111E623F1B845004BD777 /* Debug */ = {
			isa = XCBuildConfiguration;
			buildSettings = {
				ALWAYS_SEARCH_USER_PATHS = NO;
				CLANG_ANALYZER_NONNULL = YES;
				CLANG_ANALYZER_NUMBER_OBJECT_CONVERSION = YES_AGGRESSIVE;
				CLANG_CXX_LANGUAGE_STANDARD = "gnu++14";
				CLANG_CXX_LIBRARY = "libc++";
				CLANG_ENABLE_MODULES = YES;
				CLANG_ENABLE_OBJC_ARC = YES;
				CLANG_ENABLE_OBJC_WEAK = YES;
				CLANG_WARN_BLOCK_CAPTURE_AUTORELEASING = YES;
				CLANG_WARN_BOOL_CONVERSION = YES;
				CLANG_WARN_COMMA = YES;
				CLANG_WARN_CONSTANT_CONVERSION = YES;
				CLANG_WARN_DEPRECATED_OBJC_IMPLEMENTATIONS = YES;
				CLANG_WARN_DIRECT_OBJC_ISA_USAGE = YES_ERROR;
				CLANG_WARN_DOCUMENTATION_COMMENTS = YES;
				CLANG_WARN_EMPTY_BODY = YES;
				CLANG_WARN_ENUM_CONVERSION = YES;
				CLANG_WARN_INFINITE_RECURSION = YES;
				CLANG_WARN_INT_CONVERSION = YES;
				CLANG_WARN_NON_LITERAL_NULL_CONVERSION = YES;
				CLANG_WARN_OBJC_IMPLICIT_RETAIN_SELF = YES;
				CLANG_WARN_OBJC_LITERAL_CONVERSION = YES;
				CLANG_WARN_OBJC_ROOT_CLASS = YES_ERROR;
				CLANG_WARN_RANGE_LOOP_ANALYSIS = YES;
				CLANG_WARN_STRICT_PROTOTYPES = YES;
				CLANG_WARN_SUSPICIOUS_MOVE = YES;
				CLANG_WARN_UNGUARDED_AVAILABILITY = YES_AGGRESSIVE;
				CLANG_WARN_UNREACHABLE_CODE = YES;
				CLANG_WARN__DUPLICATE_METHOD_MATCH = YES;
				COPY_PHASE_STRIP = NO;
				DEBUG_INFORMATION_FORMAT = dwarf;
				ENABLE_STRICT_OBJC_MSGSEND = YES;
				ENABLE_TESTABILITY = YES;
				GCC_C_LANGUAGE_STANDARD = gnu11;
				GCC_DYNAMIC_NO_PIC = NO;
				GCC_NO_COMMON_BLOCKS = YES;
				GCC_OPTIMIZATION_LEVEL = 0;
				GCC_PREPROCESSOR_DEFINITIONS = (
					"DEBUG=1",
					"$(inherited)",
				);
				GCC_WARN_64_TO_32_BIT_CONVERSION = YES;
				GCC_WARN_ABOUT_RETURN_TYPE = YES_ERROR;
				GCC_WARN_UNDECLARED_SELECTOR = YES;
				GCC_WARN_UNINITIALIZED_AUTOS = YES_AGGRESSIVE;
				GCC_WARN_UNUSED_FUNCTION = YES;
				GCC_WARN_UNUSED_VARIABLE = YES;
				IPHONEOS_DEPLOYMENT_TARGET = 13.2;
				MTL_ENABLE_DEBUG_INFO = INCLUDE_SOURCE;
				MTL_FAST_MATH = YES;
				ONLY_ACTIVE_ARCH = YES;
				SDKROOT = iphoneos;
				SWIFT_ACTIVE_COMPILATION_CONDITIONS = DEBUG;
				SWIFT_OPTIMIZATION_LEVEL = "-Onone";
			};
			name = Debug;
		};
		CDE111E723F1B845004BD777 /* Release */ = {
			isa = XCBuildConfiguration;
			buildSettings = {
				ALWAYS_SEARCH_USER_PATHS = NO;
				CLANG_ANALYZER_NONNULL = YES;
				CLANG_ANALYZER_NUMBER_OBJECT_CONVERSION = YES_AGGRESSIVE;
				CLANG_CXX_LANGUAGE_STANDARD = "gnu++14";
				CLANG_CXX_LIBRARY = "libc++";
				CLANG_ENABLE_MODULES = YES;
				CLANG_ENABLE_OBJC_ARC = YES;
				CLANG_ENABLE_OBJC_WEAK = YES;
				CLANG_WARN_BLOCK_CAPTURE_AUTORELEASING = YES;
				CLANG_WARN_BOOL_CONVERSION = YES;
				CLANG_WARN_COMMA = YES;
				CLANG_WARN_CONSTANT_CONVERSION = YES;
				CLANG_WARN_DEPRECATED_OBJC_IMPLEMENTATIONS = YES;
				CLANG_WARN_DIRECT_OBJC_ISA_USAGE = YES_ERROR;
				CLANG_WARN_DOCUMENTATION_COMMENTS = YES;
				CLANG_WARN_EMPTY_BODY = YES;
				CLANG_WARN_ENUM_CONVERSION = YES;
				CLANG_WARN_INFINITE_RECURSION = YES;
				CLANG_WARN_INT_CONVERSION = YES;
				CLANG_WARN_NON_LITERAL_NULL_CONVERSION = YES;
				CLANG_WARN_OBJC_IMPLICIT_RETAIN_SELF = YES;
				CLANG_WARN_OBJC_LITERAL_CONVERSION = YES;
				CLANG_WARN_OBJC_ROOT_CLASS = YES_ERROR;
				CLANG_WARN_RANGE_LOOP_ANALYSIS = YES;
				CLANG_WARN_STRICT_PROTOTYPES = YES;
				CLANG_WARN_SUSPICIOUS_MOVE = YES;
				CLANG_WARN_UNGUARDED_AVAILABILITY = YES_AGGRESSIVE;
				CLANG_WARN_UNREACHABLE_CODE = YES;
				CLANG_WARN__DUPLICATE_METHOD_MATCH = YES;
				COPY_PHASE_STRIP = NO;
				DEBUG_INFORMATION_FORMAT = "dwarf-with-dsym";
				ENABLE_NS_ASSERTIONS = NO;
				ENABLE_STRICT_OBJC_MSGSEND = YES;
				GCC_C_LANGUAGE_STANDARD = gnu11;
				GCC_NO_COMMON_BLOCKS = YES;
				GCC_WARN_64_TO_32_BIT_CONVERSION = YES;
				GCC_WARN_ABOUT_RETURN_TYPE = YES_ERROR;
				GCC_WARN_UNDECLARED_SELECTOR = YES;
				GCC_WARN_UNINITIALIZED_AUTOS = YES_AGGRESSIVE;
				GCC_WARN_UNUSED_FUNCTION = YES;
				GCC_WARN_UNUSED_VARIABLE = YES;
				IPHONEOS_DEPLOYMENT_TARGET = 13.2;
				MTL_ENABLE_DEBUG_INFO = NO;
				MTL_FAST_MATH = YES;
				SDKROOT = iphoneos;
				SWIFT_COMPILATION_MODE = wholemodule;
				SWIFT_OPTIMIZATION_LEVEL = "-O";
				VALIDATE_PRODUCT = YES;
			};
			name = Release;
		};
		CDE111E923F1B845004BD777 /* Debug */ = {
			isa = XCBuildConfiguration;
			buildSettings = {
				ASSETCATALOG_COMPILER_APPICON_NAME = AppIcon;
				CODE_SIGN_STYLE = Automatic;
				DEVELOPMENT_TEAM = 26RHXP32FH;
				INFOPLIST_FILE = GrandCentralDispatchPractice/Info.plist;
				LD_RUNPATH_SEARCH_PATHS = (
					"$(inherited)",
					"@executable_path/Frameworks",
				);
				PRODUCT_BUNDLE_IDENTIFIER = pursuit.GrandCentralDispatchPractice;
				PRODUCT_NAME = "$(TARGET_NAME)";
				SWIFT_VERSION = 5.0;
				TARGETED_DEVICE_FAMILY = "1,2";
			};
			name = Debug;
		};
		CDE111EA23F1B845004BD777 /* Release */ = {
			isa = XCBuildConfiguration;
			buildSettings = {
				ASSETCATALOG_COMPILER_APPICON_NAME = AppIcon;
				CODE_SIGN_STYLE = Automatic;
				DEVELOPMENT_TEAM = 26RHXP32FH;
				INFOPLIST_FILE = GrandCentralDispatchPractice/Info.plist;
				LD_RUNPATH_SEARCH_PATHS = (
					"$(inherited)",
					"@executable_path/Frameworks",
				);
				PRODUCT_BUNDLE_IDENTIFIER = pursuit.GrandCentralDispatchPractice;
				PRODUCT_NAME = "$(TARGET_NAME)";
				SWIFT_VERSION = 5.0;
				TARGETED_DEVICE_FAMILY = "1,2";
			};
			name = Release;
		};
/* End XCBuildConfiguration section */

/* Begin XCConfigurationList section */
		CDE111CF23F1B841004BD777 /* Build configuration list for PBXProject "GrandCentralDispatchPractice" */ = {
			isa = XCConfigurationList;
			buildConfigurations = (
				CDE111E623F1B845004BD777 /* Debug */,
				CDE111E723F1B845004BD777 /* Release */,
			);
			defaultConfigurationIsVisible = 0;
			defaultConfigurationName = Release;
		};
		CDE111E823F1B845004BD777 /* Build configuration list for PBXNativeTarget "GrandCentralDispatchPractice" */ = {
			isa = XCConfigurationList;
			buildConfigurations = (
				CDE111E923F1B845004BD777 /* Debug */,
				CDE111EA23F1B845004BD777 /* Release */,
			);
			defaultConfigurationIsVisible = 0;
			defaultConfigurationName = Release;
		};
/* End XCConfigurationList section */
	};
	rootObject = CDE111CC23F1B841004BD777 /* Project object */;
}
